{
    "version": "0.5",
    "requires": [
        "zstd/1.5.7#b68ca8e3de04ba5957761751d1d661f4%1760955092.069",
        "zlib/1.3.2#1cb806da49011867778ffb6ac7190fcb%1777558780.503",
        "xorg/system#87ea3cbfa907ff490f4ece2f5fa3dbb9%1781197504.821",
        "spdlog/1.15.0#da21f74dd84627fa68601c4e3b9c3f00%1731353167.297",
        "opengl/system#cfcf523b9d2bad75cbf377f56562634c%1762526044.744",
        "libpng/1.6.43#47094e8522b0f0744acfc731eadf308d%1726517434.385",
        "libjpeg/9e#41e2469373bb9d9a678c8aaf2af326f0%1780476340.043",
        "ktx/4.4.2#6daf9d7c921407bb8af1c923a2b4aaca%1782812172.393",
        "glm/1.0.1#c0f71fade2e9abf19fba94615b2243ae%1781764384.671",
        "glfw/3.4#41cc24c744dc4c80571f5dd10dcd9cda%1732635892.515",
        "glad/2.0.8#a296ca44353184764ba2d698034b9d94%1757486213.942",
        "fmt/11.0.2#7b5e2770c1ccb3d4af9b4f6762135645%1778145873.016"
    ],
    "build_requires": [
        "cmake/4.3.3#840cf00ea09777e05c2050a50a82c722%1781521538.233"
    ],
    "python_requires": [],
    "config_requires": []
}
